
Microsoft Visual Studio Solution File, Format Version 12.00
# Visual Studio Version 17
VisualStudioVersion = 17.11.35303.130
MinimumVisualStudioVersion = 10.0.40219.1
Project("{2150E333-8FDC-42A3-9474-1A3956D46DE8}") = "Task0", "Task0", "{B779D54F-47D8-4A0C-8C83-EE1262B9AA81}"
EndProject
Project("{FAE04EC0-301F-11D3-BF4B-00C04F79EFBC}") = "Tyuiu.KushnirS.Sprint3.Task0.V11", "Tyuiu.KushnirS.Sprint3.Task0.V11\Tyuiu.KushnirS.Sprint3.Task0.V11.csproj", "{0B1AC7C7-705E-492C-B4ED-94FC045BCF7E}"
EndProject
Project("{FAE04EC0-301F-11D3-BF4B-00C04F79EFBC}") = "Tyuiu.KushnirS.Sprint3.Task0.V11.Lib", "Tyuiu.KushnirS.Sprint3.Task0.V11.Lib\Tyuiu.KushnirS.Sprint3.Task0.V11.Lib.csproj", "{B14FBF6D-0C99-4523-8794-97774C4A2518}"
EndProject
Project("{FAE04EC0-301F-11D3-BF4B-00C04F79EFBC}") = "Tyuiu.KushnirS.Sprint3.Task0.V11.Test", "Tyuiu.KushnirS.Sprint3.Task0.V11.Test\Tyuiu.KushnirS.Sprint3.Task0.V11.Test.csproj", "{11E93CE3-9835-48F1-806F-2280ED2E3BA7}"
EndProject
Project("{2150E333-8FDC-42A3-9474-1A3956D46DE8}") = "Task1", "Task1", "{0513EE6E-1219-4E79-8EDC-086F6A8066BD}"
EndProject
Project("{FAE04EC0-301F-11D3-BF4B-00C04F79EFBC}") = "Tyuiu.KushnirS.Sprint3.Task1.V18", "Tyuiu.KushnirS.Sprint3.Task1.V18\Tyuiu.KushnirS.Sprint3.Task1.V18.csproj", "{CAFA1962-AE97-4579-BBDC-BC91DA257B9A}"
EndProject
Project("{FAE04EC0-301F-11D3-BF4B-00C04F79EFBC}") = "Tyuiu.KushnirS.Sprint3.Task1.V18.Test", "Tyuiu.KushnirS.Sprint3.Task1.V18.Test\Tyuiu.KushnirS.Sprint3.Task1.V18.Test.csproj", "{331A2F37-A8A0-4D1E-B66B-9E0FA8F9E9EE}"
EndProject
Project("{FAE04EC0-301F-11D3-BF4B-00C04F79EFBC}") = "Tyuiu.KushnirS.Sprint3.Task1.V18.Lib", "Tyuiu.KushnirS.Sprint3.Task1.V18.Lib\Tyuiu.KushnirS.Sprint3.Task1.V18.Lib.csproj", "{4F603344-F97B-4065-BBA3-2AE949EB8C54}"
EndProject
Project("{2150E333-8FDC-42A3-9474-1A3956D46DE8}") = "Task2", "Task2", "{A7C4734D-9E97-48FC-A75D-571399D983BA}"
EndProject
Project("{FAE04EC0-301F-11D3-BF4B-00C04F79EFBC}") = "Tyuiu.KushnirS.Sprint3.Task2.V24", "Tyuiu.KushnirS.Sprint3.Task2.V24\Tyuiu.KushnirS.Sprint3.Task2.V24.csproj", "{4FD33E2E-536B-440B-8255-ED06A08B4E87}"
EndProject
Project("{FAE04EC0-301F-11D3-BF4B-00C04F79EFBC}") = "Tyuiu.KushnirS.Sprint3.Task2.V24.Lib", "Tyuiu.KushnirS.Sprint3.Task2.V24.Lib\Tyuiu.KushnirS.Sprint3.Task2.V24.Lib.csproj", "{3969EA50-8124-4695-9171-D39CA030B37A}"
EndProject
Project("{FAE04EC0-301F-11D3-BF4B-00C04F79EFBC}") = "Tyuiu.KushnirS.Sprint3.Task2.V24.Test", "Tyuiu.KushnirS.Sprint3.Task2.V24.Test\Tyuiu.KushnirS.Sprint3.Task2.V24.Test.csproj", "{D36E48EE-3D4D-4FBF-98FE-27EB6AFA9C64}"
EndProject
Project("{2150E333-8FDC-42A3-9474-1A3956D46DE8}") = "Task3", "Task3", "{51209702-370E-43C5-9384-EB5B02080672}"
EndProject
Project("{FAE04EC0-301F-11D3-BF4B-00C04F79EFBC}") = "Tyuiu.KushnirS.Sprint3.Task3.V30.Test", "Tyuiu.KushnirS.Sprint3.Task3.V30.Test\Tyuiu.KushnirS.Sprint3.Task3.V30.Test.csproj", "{987BDAA3-4D2E-4818-96AA-C28975C3EA56}"
EndProject
Project("{FAE04EC0-301F-11D3-BF4B-00C04F79EFBC}") = "Tyuiu.KushnirS.Sprint3.Task3.V30.Lib", "Tyuiu.KushnirS.Sprint3.Task3.V30.Lib\Tyuiu.KushnirS.Sprint3.Task3.V30.Lib.csproj", "{8E6B2712-A143-4E9D-9758-D7EDC5641F82}"
EndProject
Project("{FAE04EC0-301F-11D3-BF4B-00C04F79EFBC}") = "Tyuiu.KushnirS.Sprint3.Task3.V30", "Tyuiu.KushnirS.Sprint3.Task3.V30\Tyuiu.KushnirS.Sprint3.Task3.V30.csproj", "{C12FB980-DD1A-4FAC-AA23-4C465570B287}"
EndProject
Project("{2150E333-8FDC-42A3-9474-1A3956D46DE8}") = "Task4", "Task4", "{D33EC1B0-ED5D-4E73-856B-D637BABD0439}"
EndProject
Project("{FAE04EC0-301F-11D3-BF4B-00C04F79EFBC}") = "Tyuiu.KushnirS.Sprint3.Task4.V23", "Tyuiu.KushnirS.Sprint3.Task4.V23\Tyuiu.KushnirS.Sprint3.Task4.V23.csproj", "{805ADE29-7478-45B8-9A57-45216F0A66D9}"
EndProject
Project("{FAE04EC0-301F-11D3-BF4B-00C04F79EFBC}") = "Tyuiu.KushnirS.Sprint3.Task4.V23.Lib", "Tyuiu.KushnirS.Sprint3.Task4.V23.Lib\Tyuiu.KushnirS.Sprint3.Task4.V23.Lib.csproj", "{950AD3EB-9979-4856-B92B-9A5EDE1CCAD8}"
EndProject
Project("{FAE04EC0-301F-11D3-BF4B-00C04F79EFBC}") = "Tyuiu.KushnirS.Sprint3.Task4.V23.Test", "Tyuiu.KushnirS.Sprint3.Task4.V23.Test\Tyuiu.KushnirS.Sprint3.Task4.V23.Test.csproj", "{4C73502D-DEC0-47FA-ACF3-FA1D82A6A55B}"
EndProject
Project("{2150E333-8FDC-42A3-9474-1A3956D46DE8}") = "Task5", "Task5", "{FACD3577-B321-4265-9156-0418ED2A0A25}"
EndProject
Project("{FAE04EC0-301F-11D3-BF4B-00C04F79EFBC}") = "Tyuiu.KushnirS.Sprint3.Task5.V20", "Tyuiu.KushnirS.Sprint3.Task5.V20\Tyuiu.KushnirS.Sprint3.Task5.V20.csproj", "{E7A94E08-1E78-4AA7-A67C-76F4F44D08A0}"
EndProject
Project("{FAE04EC0-301F-11D3-BF4B-00C04F79EFBC}") = "Tyuiu.KushnirS.Sprint3.Task5.V20.Lib", "Tyuiu.KushnirS.Sprint3.Task5.V20.Lib\Tyuiu.KushnirS.Sprint3.Task5.V20.Lib.csproj", "{CCD50ADF-5436-4C0E-B031-6003B99E2F73}"
EndProject
Project("{FAE04EC0-301F-11D3-BF4B-00C04F79EFBC}") = "Tyuiu.KushnirS.Sprint3.Task5.V20.Test", "Tyuiu.KushnirS.Sprint3.Task5.V20.Test\Tyuiu.KushnirS.Sprint3.Task5.V20.Test.csproj", "{EEF84953-EE61-4B20-BE8E-0E8B08B75BCE}"
EndProject
Project("{2150E333-8FDC-42A3-9474-1A3956D46DE8}") = "Task6", "Task6", "{94243DC1-7BDD-4F75-B2FC-BA8FD8E7BC62}"
EndProject
Project("{FAE04EC0-301F-11D3-BF4B-00C04F79EFBC}") = "Tyuiu.KushnirS.Sprint3.Task6.V7", "Tyuiu.KushnirS.Sprint3.Task6.V7\Tyuiu.KushnirS.Sprint3.Task6.V7.csproj", "{EC5EADE4-A107-4A50-83A9-BC73B3384B79}"
EndProject
Project("{FAE04EC0-301F-11D3-BF4B-00C04F79EFBC}") = "Tyuiu.KushnirS.Sprint3.Task6.V7.Lib", "Tyuiu.KushnirS.Sprint3.Task6.V7.Lib\Tyuiu.KushnirS.Sprint3.Task6.V7.Lib.csproj", "{3190B4F9-1827-4965-945C-4F89C9E32115}"
EndProject
Project("{FAE04EC0-301F-11D3-BF4B-00C04F79EFBC}") = "Tyuiu.KushnirS.Sprint3.Task6.V7.Test", "Tyuiu.KushnirS.Sprint3.Task6.V7.Test\Tyuiu.KushnirS.Sprint3.Task6.V7.Test.csproj", "{746BCAE3-AC8E-4199-B253-BD9B1FD420BB}"
EndProject
Global
	GlobalSection(SolutionConfigurationPlatforms) = preSolution
		Debug|Any CPU = Debug|Any CPU
		Release|Any CPU = Release|Any CPU
	EndGlobalSection
	GlobalSection(ProjectConfigurationPlatforms) = postSolution
		{0B1AC7C7-705E-492C-B4ED-94FC045BCF7E}.Debug|Any CPU.ActiveCfg = Debug|Any CPU
		{0B1AC7C7-705E-492C-B4ED-94FC045BCF7E}.Debug|Any CPU.Build.0 = Debug|Any CPU
		{0B1AC7C7-705E-492C-B4ED-94FC045BCF7E}.Release|Any CPU.ActiveCfg = Release|Any CPU
		{0B1AC7C7-705E-492C-B4ED-94FC045BCF7E}.Release|Any CPU.Build.0 = Release|Any CPU
		{B14FBF6D-0C99-4523-8794-97774C4A2518}.Debug|Any CPU.ActiveCfg = Debug|Any CPU
		{B14FBF6D-0C99-4523-8794-97774C4A2518}.Debug|Any CPU.Build.0 = Debug|Any CPU
		{B14FBF6D-0C99-4523-8794-97774C4A2518}.Release|Any CPU.ActiveCfg = Release|Any CPU
		{B14FBF6D-0C99-4523-8794-97774C4A2518}.Release|Any CPU.Build.0 = Release|Any CPU
		{11E93CE3-9835-48F1-806F-2280ED2E3BA7}.Debug|Any CPU.ActiveCfg = Debug|Any CPU
		{11E93CE3-9835-48F1-806F-2280ED2E3BA7}.Debug|Any CPU.Build.0 = Debug|Any CPU
		{11E93CE3-9835-48F1-806F-2280ED2E3BA7}.Release|Any CPU.ActiveCfg = Release|Any CPU
		{11E93CE3-9835-48F1-806F-2280ED2E3BA7}.Release|Any CPU.Build.0 = Release|Any CPU
		{CAFA1962-AE97-4579-BBDC-BC91DA257B9A}.Debug|Any CPU.ActiveCfg = Debug|Any CPU
		{CAFA1962-AE97-4579-BBDC-BC91DA257B9A}.Debug|Any CPU.Build.0 = Debug|Any CPU
		{CAFA1962-AE97-4579-BBDC-BC91DA257B9A}.Release|Any CPU.ActiveCfg = Release|Any CPU
		{CAFA1962-AE97-4579-BBDC-BC91DA257B9A}.Release|Any CPU.Build.0 = Release|Any CPU
		{331A2F37-A8A0-4D1E-B66B-9E0FA8F9E9EE}.Debug|Any CPU.ActiveCfg = Debug|Any CPU
		{331A2F37-A8A0-4D1E-B66B-9E0FA8F9E9EE}.Debug|Any CPU.Build.0 = Debug|Any CPU
		{331A2F37-A8A0-4D1E-B66B-9E0FA8F9E9EE}.Release|Any CPU.ActiveCfg = Release|Any CPU
		{331A2F37-A8A0-4D1E-B66B-9E0FA8F9E9EE}.Release|Any CPU.Build.0 = Release|Any CPU
		{4F603344-F97B-4065-BBA3-2AE949EB8C54}.Debug|Any CPU.ActiveCfg = Debug|Any CPU
		{4F603344-F97B-4065-BBA3-2AE949EB8C54}.Debug|Any CPU.Build.0 = Debug|Any CPU
		{4F603344-F97B-4065-BBA3-2AE949EB8C54}.Release|Any CPU.ActiveCfg = Release|Any CPU
		{4F603344-F97B-4065-BBA3-2AE949EB8C54}.Release|Any CPU.Build.0 = Release|Any CPU
		{4FD33E2E-536B-440B-8255-ED06A08B4E87}.Debug|Any CPU.ActiveCfg = Debug|Any CPU
		{4FD33E2E-536B-440B-8255-ED06A08B4E87}.Debug|Any CPU.Build.0 = Debug|Any CPU
		{4FD33E2E-536B-440B-8255-ED06A08B4E87}.Release|Any CPU.ActiveCfg = Release|Any CPU
		{4FD33E2E-536B-440B-8255-ED06A08B4E87}.Release|Any CPU.Build.0 = Release|Any CPU
		{3969EA50-8124-4695-9171-D39CA030B37A}.Debug|Any CPU.ActiveCfg = Debug|Any CPU
		{3969EA50-8124-4695-9171-D39CA030B37A}.Debug|Any CPU.Build.0 = Debug|Any CPU
		{3969EA50-8124-4695-9171-D39CA030B37A}.Release|Any CPU.ActiveCfg = Release|Any CPU
		{3969EA50-8124-4695-9171-D39CA030B37A}.Release|Any CPU.Build.0 = Release|Any CPU
		{D36E48EE-3D4D-4FBF-98FE-27EB6AFA9C64}.Debug|Any CPU.ActiveCfg = Debug|Any CPU
		{D36E48EE-3D4D-4FBF-98FE-27EB6AFA9C64}.Debug|Any CPU.Build.0 = Debug|Any CPU
		{D36E48EE-3D4D-4FBF-98FE-27EB6AFA9C64}.Release|Any CPU.ActiveCfg = Release|Any CPU
		{D36E48EE-3D4D-4FBF-98FE-27EB6AFA9C64}.Release|Any CPU.Build.0 = Release|Any CPU
		{987BDAA3-4D2E-4818-96AA-C28975C3EA56}.Debug|Any CPU.ActiveCfg = Debug|Any CPU
		{987BDAA3-4D2E-4818-96AA-C28975C3EA56}.Debug|Any CPU.Build.0 = Debug|Any CPU
		{987BDAA3-4D2E-4818-96AA-C28975C3EA56}.Release|Any CPU.ActiveCfg = Release|Any CPU
		{987BDAA3-4D2E-4818-96AA-C28975C3EA56}.Release|Any CPU.Build.0 = Release|Any CPU
		{8E6B2712-A143-4E9D-9758-D7EDC5641F82}.Debug|Any CPU.ActiveCfg = Debug|Any CPU
		{8E6B2712-A143-4E9D-9758-D7EDC5641F82}.Debug|Any CPU.Build.0 = Debug|Any CPU
		{8E6B2712-A143-4E9D-9758-D7EDC5641F82}.Release|Any CPU.ActiveCfg = Release|Any CPU
		{8E6B2712-A143-4E9D-9758-D7EDC5641F82}.Release|Any CPU.Build.0 = Release|Any CPU
		{C12FB980-DD1A-4FAC-AA23-4C465570B287}.Debug|Any CPU.ActiveCfg = Debug|Any CPU
		{C12FB980-DD1A-4FAC-AA23-4C465570B287}.Debug|Any CPU.Build.0 = Debug|Any CPU
		{C12FB980-DD1A-4FAC-AA23-4C465570B287}.Release|Any CPU.ActiveCfg = Release|Any CPU
		{C12FB980-DD1A-4FAC-AA23-4C465570B287}.Release|Any CPU.Build.0 = Release|Any CPU
		{805ADE29-7478-45B8-9A57-45216F0A66D9}.Debug|Any CPU.ActiveCfg = Debug|Any CPU
		{805ADE29-7478-45B8-9A57-45216F0A66D9}.Debug|Any CPU.Build.0 = Debug|Any CPU
		{805ADE29-7478-45B8-9A57-45216F0A66D9}.Release|Any CPU.ActiveCfg = Release|Any CPU
		{805ADE29-7478-45B8-9A57-45216F0A66D9}.Release|Any CPU.Build.0 = Release|Any CPU
		{950AD3EB-9979-4856-B92B-9A5EDE1CCAD8}.Debug|Any CPU.ActiveCfg = Debug|Any CPU
		{950AD3EB-9979-4856-B92B-9A5EDE1CCAD8}.Debug|Any CPU.Build.0 = Debug|Any CPU
		{950AD3EB-9979-4856-B92B-9A5EDE1CCAD8}.Release|Any CPU.ActiveCfg = Release|Any CPU
		{950AD3EB-9979-4856-B92B-9A5EDE1CCAD8}.Release|Any CPU.Build.0 = Release|Any CPU
		{4C73502D-DEC0-47FA-ACF3-FA1D82A6A55B}.Debug|Any CPU.ActiveCfg = Debug|Any CPU
		{4C73502D-DEC0-47FA-ACF3-FA1D82A6A55B}.Debug|Any CPU.Build.0 = Debug|Any CPU
		{4C73502D-DEC0-47FA-ACF3-FA1D82A6A55B}.Release|Any CPU.ActiveCfg = Release|Any CPU
		{4C73502D-DEC0-47FA-ACF3-FA1D82A6A55B}.Release|Any CPU.Build.0 = Release|Any CPU
		{E7A94E08-1E78-4AA7-A67C-76F4F44D08A0}.Debug|Any CPU.ActiveCfg = Debug|Any CPU
		{E7A94E08-1E78-4AA7-A67C-76F4F44D08A0}.Debug|Any CPU.Build.0 = Debug|Any CPU
		{E7A94E08-1E78-4AA7-A67C-76F4F44D08A0}.Release|Any CPU.ActiveCfg = Release|Any CPU
		{E7A94E08-1E78-4AA7-A67C-76F4F44D08A0}.Release|Any CPU.Build.0 = Release|Any CPU
		{CCD50ADF-5436-4C0E-B031-6003B99E2F73}.Debug|Any CPU.ActiveCfg = Debug|Any CPU
		{CCD50ADF-5436-4C0E-B031-6003B99E2F73}.Debug|Any CPU.Build.0 = Debug|Any CPU
		{CCD50ADF-5436-4C0E-B031-6003B99E2F73}.Release|Any CPU.ActiveCfg = Release|Any CPU
		{CCD50ADF-5436-4C0E-B031-6003B99E2F73}.Release|Any CPU.Build.0 = Release|Any CPU
		{EEF84953-EE61-4B20-BE8E-0E8B08B75BCE}.Debug|Any CPU.ActiveCfg = Debug|Any CPU
		{EEF84953-EE61-4B20-BE8E-0E8B08B75BCE}.Debug|Any CPU.Build.0 = Debug|Any CPU
		{EEF84953-EE61-4B20-BE8E-0E8B08B75BCE}.Release|Any CPU.ActiveCfg = Release|Any CPU
		{EEF84953-EE61-4B20-BE8E-0E8B08B75BCE}.Release|Any CPU.Build.0 = Release|Any CPU
		{EC5EADE4-A107-4A50-83A9-BC73B3384B79}.Debug|Any CPU.ActiveCfg = Debug|Any CPU
		{EC5EADE4-A107-4A50-83A9-BC73B3384B79}.Debug|Any CPU.Build.0 = Debug|Any CPU
		{EC5EADE4-A107-4A50-83A9-BC73B3384B79}.Release|Any CPU.ActiveCfg = Release|Any CPU
		{EC5EADE4-A107-4A50-83A9-BC73B3384B79}.Release|Any CPU.Build.0 = Release|Any CPU
		{3190B4F9-1827-4965-945C-4F89C9E32115}.Debug|Any CPU.ActiveCfg = Debug|Any CPU
		{3190B4F9-1827-4965-945C-4F89C9E32115}.Debug|Any CPU.Build.0 = Debug|Any CPU
		{3190B4F9-1827-4965-945C-4F89C9E32115}.Release|Any CPU.ActiveCfg = Release|Any CPU
		{3190B4F9-1827-4965-945C-4F89C9E32115}.Release|Any CPU.Build.0 = Release|Any CPU
		{746BCAE3-AC8E-4199-B253-BD9B1FD420BB}.Debug|Any CPU.ActiveCfg = Debug|Any CPU
		{746BCAE3-AC8E-4199-B253-BD9B1FD420BB}.Debug|Any CPU.Build.0 = Debug|Any CPU
		{746BCAE3-AC8E-4199-B253-BD9B1FD420BB}.Release|Any CPU.ActiveCfg = Release|Any CPU
		{746BCAE3-AC8E-4199-B253-BD9B1FD420BB}.Release|Any CPU.Build.0 = Release|Any CPU
	EndGlobalSection
	GlobalSection(SolutionProperties) = preSolution
		HideSolutionNode = FALSE
	EndGlobalSection
	GlobalSection(NestedProjects) = preSolution
		{0B1AC7C7-705E-492C-B4ED-94FC045BCF7E} = {B779D54F-47D8-4A0C-8C83-EE1262B9AA81}
		{B14FBF6D-0C99-4523-8794-97774C4A2518} = {B779D54F-47D8-4A0C-8C83-EE1262B9AA81}
		{11E93CE3-9835-48F1-806F-2280ED2E3BA7} = {B779D54F-47D8-4A0C-8C83-EE1262B9AA81}
		{CAFA1962-AE97-4579-BBDC-BC91DA257B9A} = {0513EE6E-1219-4E79-8EDC-086F6A8066BD}
		{331A2F37-A8A0-4D1E-B66B-9E0FA8F9E9EE} = {0513EE6E-1219-4E79-8EDC-086F6A8066BD}
		{4F603344-F97B-4065-BBA3-2AE949EB8C54} = {0513EE6E-1219-4E79-8EDC-086F6A8066BD}
		{4FD33E2E-536B-440B-8255-ED06A08B4E87} = {A7C4734D-9E97-48FC-A75D-571399D983BA}
		{3969EA50-8124-4695-9171-D39CA030B37A} = {A7C4734D-9E97-48FC-A75D-571399D983BA}
		{D36E48EE-3D4D-4FBF-98FE-27EB6AFA9C64} = {A7C4734D-9E97-48FC-A75D-571399D983BA}
		{987BDAA3-4D2E-4818-96AA-C28975C3EA56} = {51209702-370E-43C5-9384-EB5B02080672}
		{8E6B2712-A143-4E9D-9758-D7EDC5641F82} = {51209702-370E-43C5-9384-EB5B02080672}
		{C12FB980-DD1A-4FAC-AA23-4C465570B287} = {51209702-370E-43C5-9384-EB5B02080672}
		{805ADE29-7478-45B8-9A57-45216F0A66D9} = {D33EC1B0-ED5D-4E73-856B-D637BABD0439}
		{950AD3EB-9979-4856-B92B-9A5EDE1CCAD8} = {D33EC1B0-ED5D-4E73-856B-D637BABD0439}
		{4C73502D-DEC0-47FA-ACF3-FA1D82A6A55B} = {D33EC1B0-ED5D-4E73-856B-D637BABD0439}
		{E7A94E08-1E78-4AA7-A67C-76F4F44D08A0} = {FACD3577-B321-4265-9156-0418ED2A0A25}
		{CCD50ADF-5436-4C0E-B031-6003B99E2F73} = {FACD3577-B321-4265-9156-0418ED2A0A25}
		{EEF84953-EE61-4B20-BE8E-0E8B08B75BCE} = {FACD3577-B321-4265-9156-0418ED2A0A25}
		{EC5EADE4-A107-4A50-83A9-BC73B3384B79} = {94243DC1-7BDD-4F75-B2FC-BA8FD8E7BC62}
		{3190B4F9-1827-4965-945C-4F89C9E32115} = {94243DC1-7BDD-4F75-B2FC-BA8FD8E7BC62}
		{746BCAE3-AC8E-4199-B253-BD9B1FD420BB} = {94243DC1-7BDD-4F75-B2FC-BA8FD8E7BC62}
	EndGlobalSection
	GlobalSection(ExtensibilityGlobals) = postSolution
		SolutionGuid = {8D018E04-8BF3-4AAC-B5AB-024FD3B8A466}
	EndGlobalSection
EndGlobal
